
Microsoft Visual Studio Solution File, Format Version 12.00
# Visual Studio 15
VisualStudioVersion = 15.0.28307.757
MinimumVisualStudioVersion = 10.0.40219.1
Project("{FAE04EC0-301F-11D3-BF4B-00C04F79EFBC}") = "SSGPTaskSchulderMWK", "SSGPTaskSchulderMWK.csproj", "{9FA80EA1-1112-4ED1-861F-872EF0186903}"
EndProject
Global
	GlobalSection(SolutionConfigurationPlatforms) = preSolution
		Debug|Any CPU = Debug|Any CPU
		Release|Any CPU = Release|Any CPU
	EndGlobalSection
	GlobalSection(ProjectConfigurationPlatforms) = postSolution
		{9FA80EA1-1112-4ED1-861F-872EF0186903}.Debug|Any CPU.ActiveCfg = Debug|Any CPU
		{9FA80EA1-1112-4ED1-861F-872EF0186903}.Debug|Any CPU.Build.0 = Debug|Any CPU
		{9FA80EA1-1112-4ED1-861F-872EF0186903}.Release|Any CPU.ActiveCfg = Release|Any CPU
		{9FA80EA1-1112-4ED1-861F-872EF0186903}.Release|Any CPU.Build.0 = Release|Any CPU
	EndGlobalSection
	GlobalSection(SolutionProperties) = preSolution
		HideSolutionNode = FALSE
	EndGlobalSection
	GlobalSection(ExtensibilityGlobals) = postSolution
		SolutionGuid = {91A58D19-4844-4A34-9470-219D3CEF2F54}
	EndGlobalSection
EndGlobal
